// !$*UTF8*$!
{
	archiveVersion = 1;
	classes = {
	};
	objectVersion = 46;
	objects = {

/* Begin PBXBuildFile section */
		0001E1941BA6260E00669A5A /* Guest.m in Sources */ = {isa = PBXBuildFile; fileRef = 0001E1931BA6260E00669A5A /* Guest.m */; };
		0001E1971BA6260F00669A5A /* Reservation.m in Sources */ = {isa = PBXBuildFile; fileRef = 0001E1961BA6260F00669A5A /* Reservation.m */; };
		0001E19A1BA6260F00669A5A /* Hotel.m in Sources */ = {isa = PBXBuildFile; fileRef = 0001E1991BA6260F00669A5A /* Hotel.m */; };
		0001E19D1BA6260F00669A5A /* Room.m in Sources */ = {isa = PBXBuildFile; fileRef = 0001E19C1BA6260F00669A5A /* Room.m */; };
		006116491B9F441100B5C54B /* HotelJSONParse.m in Sources */ = {isa = PBXBuildFile; fileRef = 006116481B9F441100B5C54B /* HotelJSONParse.m */; };
		0061164C1B9F46A400B5C54B /* RoomJSONParse.m in Sources */ = {isa = PBXBuildFile; fileRef = 0061164B1B9F46A400B5C54B /* RoomJSONParse.m */; };
		006116551B9F4C8700B5C54B /* JSONFileImport.m in Sources */ = {isa = PBXBuildFile; fileRef = 006116541B9F4C8700B5C54B /* JSONFileImport.m */; };
		0061166F1B9F5C1600B5C54B /* hotels.json in Resources */ = {isa = PBXBuildFile; fileRef = 0061166E1B9F5C1600B5C54B /* hotels.json */; };
		006116721B9F663200B5C54B /* AlertPopover.m in Sources */ = {isa = PBXBuildFile; fileRef = 006116711B9F663200B5C54B /* AlertPopover.m */; };
		006116771BA0945D00B5C54B /* MenuViewController.m in Sources */ = {isa = PBXBuildFile; fileRef = 006116761BA0945D00B5C54B /* MenuViewController.m */; };
		0061167D1BA09D2600B5C54B /* RoomListViewController.m in Sources */ = {isa = PBXBuildFile; fileRef = 0061167C1BA09D2600B5C54B /* RoomListViewController.m */; };
		006116801BA09D3500B5C54B /* GuestListViewController.m in Sources */ = {isa = PBXBuildFile; fileRef = 0061167F1BA09D3500B5C54B /* GuestListViewController.m */; };
		006116831BA09D4900B5C54B /* ReservationListViewController.m in Sources */ = {isa = PBXBuildFile; fileRef = 006116821BA09D4900B5C54B /* ReservationListViewController.m */; };
		006116861BA0AE5600B5C54B /* CoreDataStack.m in Sources */ = {isa = PBXBuildFile; fileRef = 006116851BA0AE5600B5C54B /* CoreDataStack.m */; };
		0061168D1BA10CBD00B5C54B /* HotelTableViewCell.m in Sources */ = {isa = PBXBuildFile; fileRef = 0061168C1BA10CBD00B5C54B /* HotelTableViewCell.m */; };
		006116901BA1103A00B5C54B /* AttributedString.m in Sources */ = {isa = PBXBuildFile; fileRef = 0061168F1BA1103A00B5C54B /* AttributedString.m */; };
		006116991BA1EEEF00B5C54B /* UIViewExtension.m in Sources */ = {isa = PBXBuildFile; fileRef = 006116981BA1EEEF00B5C54B /* UIViewExtension.m */; };
		0061169C1BA20DDC00B5C54B /* RoomTableViewCell.m in Sources */ = {isa = PBXBuildFile; fileRef = 0061169B1BA20DDC00B5C54B /* RoomTableViewCell.m */; };
		006116A21BA23D5A00B5C54B /* UIColorExtension.m in Sources */ = {isa = PBXBuildFile; fileRef = 006116A11BA23D5A00B5C54B /* UIColorExtension.m */; };
		006116A51BA2490600B5C54B /* ViewUtility.m in Sources */ = {isa = PBXBuildFile; fileRef = 006116A41BA2490600B5C54B /* ViewUtility.m */; };
		00D2C0341B9E855D00DA5A7A /* main.m in Sources */ = {isa = PBXBuildFile; fileRef = 00D2C0331B9E855D00DA5A7A /* main.m */; };
		00D2C0371B9E855D00DA5A7A /* AppDelegate.m in Sources */ = {isa = PBXBuildFile; fileRef = 00D2C0361B9E855D00DA5A7A /* AppDelegate.m */; };
		00D2C03A1B9E855D00DA5A7A /* HotelReservations.xcdatamodeld in Sources */ = {isa = PBXBuildFile; fileRef = 00D2C0381B9E855D00DA5A7A /* HotelReservations.xcdatamodeld */; };
		00D2C03D1B9E855D00DA5A7A /* HotelListViewController.m in Sources */ = {isa = PBXBuildFile; fileRef = 00D2C03C1B9E855D00DA5A7A /* HotelListViewController.m */; };
		00D2C0421B9E855D00DA5A7A /* Images.xcassets in Resources */ = {isa = PBXBuildFile; fileRef = 00D2C0411B9E855D00DA5A7A /* Images.xcassets */; };
		00D2C0451B9E855D00DA5A7A /* LaunchScreen.xib in Resources */ = {isa = PBXBuildFile; fileRef = 00D2C0431B9E855D00DA5A7A /* LaunchScreen.xib */; };
		00D2C0511B9E855D00DA5A7A /* HotelReservationsTests.m in Sources */ = {isa = PBXBuildFile; fileRef = 00D2C0501B9E855D00DA5A7A /* HotelReservationsTests.m */; };
		00DF3BEA1BA3829800742079 /* GuestJSONParse.m in Sources */ = {isa = PBXBuildFile; fileRef = 00DF3BE91BA3829800742079 /* GuestJSONParse.m */; };
		00DF3BED1BA382AF00742079 /* ReservationJSONParse.m in Sources */ = {isa = PBXBuildFile; fileRef = 00DF3BEC1BA382AF00742079 /* ReservationJSONParse.m */; };
		00DF3BF01BA39FD600742079 /* ReservationTableViewCell.m in Sources */ = {isa = PBXBuildFile; fileRef = 00DF3BEF1BA39FD600742079 /* ReservationTableViewCell.m */; };
		00DF3BF31BA39FF500742079 /* GuestTableViewCell.m in Sources */ = {isa = PBXBuildFile; fileRef = 00DF3BF21BA39FF500742079 /* GuestTableViewCell.m */; };
/* End PBXBuildFile section */

/* Begin PBXContainerItemProxy section */
		00D2C04B1B9E855D00DA5A7A /* PBXContainerItemProxy */ = {
			isa = PBXContainerItemProxy;
			containerPortal = 00D2C0261B9E855D00DA5A7A /* Project object */;
			proxyType = 1;
			remoteGlobalIDString = 00D2C02D1B9E855D00DA5A7A;
			remoteInfo = HotelReservations;
		};
/* End PBXContainerItemProxy section */

/* Begin PBXFileReference section */
		0001E1921BA6260E00669A5A /* Guest.h */ = {isa = PBXFileReference; fileEncoding = 4; lastKnownFileType = sourcecode.c.h; path = Guest.h; sourceTree = "<group>"; };
		0001E1931BA6260E00669A5A /* Guest.m */ = {isa = PBXFileReference; fileEncoding = 4; lastKnownFileType = sourcecode.c.objc; path = Guest.m; sourceTree = "<group>"; };
		0001E1951BA6260F00669A5A /* Reservation.h */ = {isa = PBXFileReference; fileEncoding = 4; lastKnownFileType = sourcecode.c.h; path = Reservation.h; sourceTree = "<group>"; };
		0001E1961BA6260F00669A5A /* Reservation.m */ = {isa = PBXFileReference; fileEncoding = 4; lastKnownFileType = sourcecode.c.objc; path = Reservation.m; sourceTree = "<group>"; };
		0001E1981BA6260F00669A5A /* Hotel.h */ = {isa = PBXFileReference; fileEncoding = 4; lastKnownFileType = sourcecode.c.h; path = Hotel.h; sourceTree = "<group>"; };
		0001E1991BA6260F00669A5A /* Hotel.m */ = {isa = PBXFileReference; fileEncoding = 4; lastKnownFileType = sourcecode.c.objc; path = Hotel.m; sourceTree = "<group>"; };
		0001E19B1BA6260F00669A5A /* Room.h */ = {isa = PBXFileReference; fileEncoding = 4; lastKnownFileType = sourcecode.c.h; path = Room.h; sourceTree = "<group>"; };
		0001E19C1BA6260F00669A5A /* Room.m */ = {isa = PBXFileReference; fileEncoding = 4; lastKnownFileType = sourcecode.c.objc; path = Room.m; sourceTree = "<group>"; };
		006116471B9F441100B5C54B /* HotelJSONParse.h */ = {isa = PBXFileReference; fileEncoding = 4; lastKnownFileType = sourcecode.c.h; path = HotelJSONParse.h; sourceTree = "<group>"; };
		006116481B9F441100B5C54B /* HotelJSONParse.m */ = {isa = PBXFileReference; fileEncoding = 4; lastKnownFileType = sourcecode.c.objc; path = HotelJSONParse.m; sourceTree = "<group>"; };
		0061164A1B9F46A400B5C54B /* RoomJSONParse.h */ = {isa = PBXFileReference; fileEncoding = 4; lastKnownFileType = sourcecode.c.h; path = RoomJSONParse.h; sourceTree = "<group>"; };
		0061164B1B9F46A400B5C54B /* RoomJSONParse.m */ = {isa = PBXFileReference; fileEncoding = 4; lastKnownFileType = sourcecode.c.objc; path = RoomJSONParse.m; sourceTree = "<group>"; };
		006116531B9F4C8700B5C54B /* JSONFileImport.h */ = {isa = PBXFileReference; fileEncoding = 4; lastKnownFileType = sourcecode.c.h; path = JSONFileImport.h; sourceTree = "<group>"; };
		006116541B9F4C8700B5C54B /* JSONFileImport.m */ = {isa = PBXFileReference; fileEncoding = 4; lastKnownFileType = sourcecode.c.objc; path = JSONFileImport.m; sourceTree = "<group>"; };
		0061166E1B9F5C1600B5C54B /* hotels.json */ = {isa = PBXFileReference; fileEncoding = 4; lastKnownFileType = text.json; path = hotels.json; sourceTree = "<group>"; };
		006116701B9F663200B5C54B /* AlertPopover.h */ = {isa = PBXFileReference; fileEncoding = 4; lastKnownFileType = sourcecode.c.h; path = AlertPopover.h; sourceTree = "<group>"; };
		006116711B9F663200B5C54B /* AlertPopover.m */ = {isa = PBXFileReference; fileEncoding = 4; lastKnownFileType = sourcecode.c.objc; path = AlertPopover.m; sourceTree = "<group>"; };
		006116751BA0945D00B5C54B /* MenuViewController.h */ = {isa = PBXFileReference; fileEncoding = 4; lastKnownFileType = sourcecode.c.h; path = MenuViewController.h; sourceTree = "<group>"; };
		006116761BA0945D00B5C54B /* MenuViewController.m */ = {isa = PBXFileReference; fileEncoding = 4; lastKnownFileType = sourcecode.c.objc; path = MenuViewController.m; sourceTree = "<group>"; };
		0061167B1BA09D2600B5C54B /* RoomListViewController.h */ = {isa = PBXFileReference; fileEncoding = 4; lastKnownFileType = sourcecode.c.h; path = RoomListViewController.h; sourceTree = "<group>"; };
		0061167C1BA09D2600B5C54B /* RoomListViewController.m */ = {isa = PBXFileReference; fileEncoding = 4; lastKnownFileType = sourcecode.c.objc; lineEnding = 0; path = RoomListViewController.m; sourceTree = "<group>"; xcLanguageSpecificationIdentifier = xcode.lang.objc; };
		0061167E1BA09D3500B5C54B /* GuestListViewController.h */ = {isa = PBXFileReference; fileEncoding = 4; lastKnownFileType = sourcecode.c.h; path = GuestListViewController.h; sourceTree = "<group>"; };
		0061167F1BA09D3500B5C54B /* GuestListViewController.m */ = {isa = PBXFileReference; fileEncoding = 4; lastKnownFileType = sourcecode.c.objc; lineEnding = 0; path = GuestListViewController.m; sourceTree = "<group>"; xcLanguageSpecificationIdentifier = xcode.lang.objc; };
		006116811BA09D4900B5C54B /* ReservationListViewController.h */ = {isa = PBXFileReference; fileEncoding = 4; lastKnownFileType = sourcecode.c.h; path = ReservationListViewController.h; sourceTree = "<group>"; };
		006116821BA09D4900B5C54B /* ReservationListViewController.m */ = {isa = PBXFileReference; fileEncoding = 4; lastKnownFileType = sourcecode.c.objc; lineEnding = 0; path = ReservationListViewController.m; sourceTree = "<group>"; xcLanguageSpecificationIdentifier = xcode.lang.objc; };
		006116841BA0AE5600B5C54B /* CoreDataStack.h */ = {isa = PBXFileReference; fileEncoding = 4; lastKnownFileType = sourcecode.c.h; path = CoreDataStack.h; sourceTree = "<group>"; };
		006116851BA0AE5600B5C54B /* CoreDataStack.m */ = {isa = PBXFileReference; fileEncoding = 4; lastKnownFileType = sourcecode.c.objc; path = CoreDataStack.m; sourceTree = "<group>"; };
		0061168B1BA10CBD00B5C54B /* HotelTableViewCell.h */ = {isa = PBXFileReference; fileEncoding = 4; lastKnownFileType = sourcecode.c.h; lineEnding = 0; path = HotelTableViewCell.h; sourceTree = "<group>"; xcLanguageSpecificationIdentifier = xcode.lang.objcpp; };
		0061168C1BA10CBD00B5C54B /* HotelTableViewCell.m */ = {isa = PBXFileReference; fileEncoding = 4; lastKnownFileType = sourcecode.c.objc; lineEnding = 0; path = HotelTableViewCell.m; sourceTree = "<group>"; xcLanguageSpecificationIdentifier = xcode.lang.objc; };
		0061168E1BA1103A00B5C54B /* AttributedString.h */ = {isa = PBXFileReference; fileEncoding = 4; lastKnownFileType = sourcecode.c.h; path = AttributedString.h; sourceTree = "<group>"; };
		0061168F1BA1103A00B5C54B /* AttributedString.m */ = {isa = PBXFileReference; fileEncoding = 4; lastKnownFileType = sourcecode.c.objc; path = AttributedString.m; sourceTree = "<group>"; };
		006116971BA1EEEF00B5C54B /* UIViewExtension.h */ = {isa = PBXFileReference; fileEncoding = 4; lastKnownFileType = sourcecode.c.h; path = UIViewExtension.h; sourceTree = "<group>"; };
		006116981BA1EEEF00B5C54B /* UIViewExtension.m */ = {isa = PBXFileReference; fileEncoding = 4; lastKnownFileType = sourcecode.c.objc; path = UIViewExtension.m; sourceTree = "<group>"; };
		0061169A1BA20DDC00B5C54B /* RoomTableViewCell.h */ = {isa = PBXFileReference; fileEncoding = 4; lastKnownFileType = sourcecode.c.h; path = RoomTableViewCell.h; sourceTree = "<group>"; };
		0061169B1BA20DDC00B5C54B /* RoomTableViewCell.m */ = {isa = PBXFileReference; fileEncoding = 4; lastKnownFileType = sourcecode.c.objc; path = RoomTableViewCell.m; sourceTree = "<group>"; };
		006116A01BA23D5A00B5C54B /* UIColorExtension.h */ = {isa = PBXFileReference; fileEncoding = 4; lastKnownFileType = sourcecode.c.h; path = UIColorExtension.h; sourceTree = "<group>"; };
		006116A11BA23D5A00B5C54B /* UIColorExtension.m */ = {isa = PBXFileReference; fileEncoding = 4; lastKnownFileType = sourcecode.c.objc; path = UIColorExtension.m; sourceTree = "<group>"; };
		006116A31BA2490600B5C54B /* ViewUtility.h */ = {isa = PBXFileReference; fileEncoding = 4; lastKnownFileType = sourcecode.c.h; path = ViewUtility.h; sourceTree = "<group>"; };
		006116A41BA2490600B5C54B /* ViewUtility.m */ = {isa = PBXFileReference; fileEncoding = 4; lastKnownFileType = sourcecode.c.objc; path = ViewUtility.m; sourceTree = "<group>"; };
		00D2C02E1B9E855D00DA5A7A /* HotelReservations.app */ = {isa = PBXFileReference; explicitFileType = wrapper.application; includeInIndex = 0; path = HotelReservations.app; sourceTree = BUILT_PRODUCTS_DIR; };
		00D2C0321B9E855D00DA5A7A /* Info.plist */ = {isa = PBXFileReference; lastKnownFileType = text.plist.xml; path = Info.plist; sourceTree = "<group>"; };
		00D2C0331B9E855D00DA5A7A /* main.m */ = {isa = PBXFileReference; lastKnownFileType = sourcecode.c.objc; path = main.m; sourceTree = "<group>"; };
		00D2C0351B9E855D00DA5A7A /* AppDelegate.h */ = {isa = PBXFileReference; lastKnownFileType = sourcecode.c.h; path = AppDelegate.h; sourceTree = "<group>"; };
		00D2C0361B9E855D00DA5A7A /* AppDelegate.m */ = {isa = PBXFileReference; lastKnownFileType = sourcecode.c.objc; path = AppDelegate.m; sourceTree = "<group>"; };
		00D2C0391B9E855D00DA5A7A /* HotelReservations.xcdatamodel */ = {isa = PBXFileReference; lastKnownFileType = wrapper.xcdatamodel; path = HotelReservations.xcdatamodel; sourceTree = "<group>"; };
		00D2C03B1B9E855D00DA5A7A /* HotelListViewController.h */ = {isa = PBXFileReference; lastKnownFileType = sourcecode.c.h; path = HotelListViewController.h; sourceTree = "<group>"; };
		00D2C03C1B9E855D00DA5A7A /* HotelListViewController.m */ = {isa = PBXFileReference; lastKnownFileType = sourcecode.c.objc; lineEnding = 0; path = HotelListViewController.m; sourceTree = "<group>"; xcLanguageSpecificationIdentifier = xcode.lang.objc; };
		00D2C0411B9E855D00DA5A7A /* Images.xcassets */ = {isa = PBXFileReference; lastKnownFileType = folder.assetcatalog; path = Images.xcassets; sourceTree = "<group>"; };
		00D2C0441B9E855D00DA5A7A /* Base */ = {isa = PBXFileReference; lastKnownFileType = file.xib; name = Base; path = Base.lproj/LaunchScreen.xib; sourceTree = "<group>"; };
		00D2C04A1B9E855D00DA5A7A /* HotelReservationsTests.xctest */ = {isa = PBXFileReference; explicitFileType = wrapper.cfbundle; includeInIndex = 0; path = HotelReservationsTests.xctest; sourceTree = BUILT_PRODUCTS_DIR; };
		00D2C04F1B9E855D00DA5A7A /* Info.plist */ = {isa = PBXFileReference; lastKnownFileType = text.plist.xml; path = Info.plist; sourceTree = "<group>"; };
		00D2C0501B9E855D00DA5A7A /* HotelReservationsTests.m */ = {isa = PBXFileReference; lastKnownFileType = sourcecode.c.objc; path = HotelReservationsTests.m; sourceTree = "<group>"; };
		00DF3BE81BA3829800742079 /* GuestJSONParse.h */ = {isa = PBXFileReference; fileEncoding = 4; lastKnownFileType = sourcecode.c.h; path = GuestJSONParse.h; sourceTree = "<group>"; };
		00DF3BE91BA3829800742079 /* GuestJSONParse.m */ = {isa = PBXFileReference; fileEncoding = 4; lastKnownFileType = sourcecode.c.objc; path = GuestJSONParse.m; sourceTree = "<group>"; };
		00DF3BEB1BA382AF00742079 /* ReservationJSONParse.h */ = {isa = PBXFileReference; fileEncoding = 4; lastKnownFileType = sourcecode.c.h; path = ReservationJSONParse.h; sourceTree = "<group>"; };
		00DF3BEC1BA382AF00742079 /* ReservationJSONParse.m */ = {isa = PBXFileReference; fileEncoding = 4; lastKnownFileType = sourcecode.c.objc; path = ReservationJSONParse.m; sourceTree = "<group>"; };
		00DF3BEE1BA39FD600742079 /* ReservationTableViewCell.h */ = {isa = PBXFileReference; fileEncoding = 4; lastKnownFileType = sourcecode.c.h; path = ReservationTableViewCell.h; sourceTree = "<group>"; };
		00DF3BEF1BA39FD600742079 /* ReservationTableViewCell.m */ = {isa = PBXFileReference; fileEncoding = 4; lastKnownFileType = sourcecode.c.objc; path = ReservationTableViewCell.m; sourceTree = "<group>"; };
		00DF3BF11BA39FF500742079 /* GuestTableViewCell.h */ = {isa = PBXFileReference; fileEncoding = 4; lastKnownFileType = sourcecode.c.h; path = GuestTableViewCell.h; sourceTree = "<group>"; };
		00DF3BF21BA39FF500742079 /* GuestTableViewCell.m */ = {isa = PBXFileReference; fileEncoding = 4; lastKnownFileType = sourcecode.c.objc; path = GuestTableViewCell.m; sourceTree = "<group>"; };
/* End PBXFileReference section */

/* Begin PBXFrameworksBuildPhase section */
		00D2C02B1B9E855D00DA5A7A /* Frameworks */ = {
			isa = PBXFrameworksBuildPhase;
			buildActionMask = 2147483647;
			files = (
			);
			runOnlyForDeploymentPostprocessing = 0;
		};
		00D2C0471B9E855D00DA5A7A /* Frameworks */ = {
			isa = PBXFrameworksBuildPhase;
			buildActionMask = 2147483647;
			files = (
			);
			runOnlyForDeploymentPostprocessing = 0;
		};
/* End PBXFrameworksBuildPhase section */

/* Begin PBXGroup section */
		00166E931B9F40A50037E59F /* Model */ = {
			isa = PBXGroup;
			children = (
				0001E19B1BA6260F00669A5A /* Room.h */,
				0001E19C1BA6260F00669A5A /* Room.m */,
				0001E1981BA6260F00669A5A /* Hotel.h */,
				0001E1991BA6260F00669A5A /* Hotel.m */,
				0001E1951BA6260F00669A5A /* Reservation.h */,
				0001E1961BA6260F00669A5A /* Reservation.m */,
				0001E1921BA6260E00669A5A /* Guest.h */,
				0001E1931BA6260E00669A5A /* Guest.m */,
				0061164A1B9F46A400B5C54B /* RoomJSONParse.h */,
				0061164B1B9F46A400B5C54B /* RoomJSONParse.m */,
				00DF3BE81BA3829800742079 /* GuestJSONParse.h */,
				00DF3BE91BA3829800742079 /* GuestJSONParse.m */,
				00DF3BEB1BA382AF00742079 /* ReservationJSONParse.h */,
				00DF3BEC1BA382AF00742079 /* ReservationJSONParse.m */,
				006116471B9F441100B5C54B /* HotelJSONParse.h */,
				006116481B9F441100B5C54B /* HotelJSONParse.m */,
				006116531B9F4C8700B5C54B /* JSONFileImport.h */,
				006116541B9F4C8700B5C54B /* JSONFileImport.m */,
				006116841BA0AE5600B5C54B /* CoreDataStack.h */,
				006116851BA0AE5600B5C54B /* CoreDataStack.m */,
			);
			name = Model;
			sourceTree = "<group>";
		};
		006116731B9F664400B5C54B /* Controller */ = {
			isa = PBXGroup;
			children = (
				0061167B1BA09D2600B5C54B /* RoomListViewController.h */,
				0061167C1BA09D2600B5C54B /* RoomListViewController.m */,
				0061167E1BA09D3500B5C54B /* GuestListViewController.h */,
				0061167F1BA09D3500B5C54B /* GuestListViewController.m */,
				006116811BA09D4900B5C54B /* ReservationListViewController.h */,
				006116821BA09D4900B5C54B /* ReservationListViewController.m */,
				00D2C03B1B9E855D00DA5A7A /* HotelListViewController.h */,
				00D2C03C1B9E855D00DA5A7A /* HotelListViewController.m */,
				006116751BA0945D00B5C54B /* MenuViewController.h */,
				006116761BA0945D00B5C54B /* MenuViewController.m */,
			);
			name = Controller;
			sourceTree = "<group>";
		};
		006116741B9F665100B5C54B /* Other */ = {
			isa = PBXGroup;
			children = (
				00D2C0351B9E855D00DA5A7A /* AppDelegate.h */,
				00D2C0361B9E855D00DA5A7A /* AppDelegate.m */,
				006116701B9F663200B5C54B /* AlertPopover.h */,
				006116711B9F663200B5C54B /* AlertPopover.m */,
			);
			name = Other;
			sourceTree = "<group>";
		};
		006116871BA0C62F00B5C54B /* View */ = {
			isa = PBXGroup;
			children = (
				0061169A1BA20DDC00B5C54B /* RoomTableViewCell.h */,
				0061169B1BA20DDC00B5C54B /* RoomTableViewCell.m */,
				00DF3BF11BA39FF500742079 /* GuestTableViewCell.h */,
				00DF3BF21BA39FF500742079 /* GuestTableViewCell.m */,
				00DF3BEE1BA39FD600742079 /* ReservationTableViewCell.h */,
				00DF3BEF1BA39FD600742079 /* ReservationTableViewCell.m */,
				0061168B1BA10CBD00B5C54B /* HotelTableViewCell.h */,
				0061168C1BA10CBD00B5C54B /* HotelTableViewCell.m */,
				0061168E1BA1103A00B5C54B /* AttributedString.h */,
				0061168F1BA1103A00B5C54B /* AttributedString.m */,
				006116A31BA2490600B5C54B /* ViewUtility.h */,
				006116A41BA2490600B5C54B /* ViewUtility.m */,
				006116971BA1EEEF00B5C54B /* UIViewExtension.h */,
				006116981BA1EEEF00B5C54B /* UIViewExtension.m */,
				006116A01BA23D5A00B5C54B /* UIColorExtension.h */,
				006116A11BA23D5A00B5C54B /* UIColorExtension.m */,
			);
			name = View;
			sourceTree = "<group>";
		};
		00D2C0251B9E855D00DA5A7A = {
			isa = PBXGroup;
			children = (
				00D2C0301B9E855D00DA5A7A /* HotelReservations */,
				00D2C04D1B9E855D00DA5A7A /* HotelReservationsTests */,
				00D2C02F1B9E855D00DA5A7A /* Products */,
			);
			sourceTree = "<group>";
		};
		00D2C02F1B9E855D00DA5A7A /* Products */ = {
			isa = PBXGroup;
			children = (
				00D2C02E1B9E855D00DA5A7A /* HotelReservations.app */,
				00D2C04A1B9E855D00DA5A7A /* HotelReservationsTests.xctest */,
			);
			name = Products;
			sourceTree = "<group>";
		};
		00D2C0301B9E855D00DA5A7A /* HotelReservations */ = {
			isa = PBXGroup;
			children = (
				006116871BA0C62F00B5C54B /* View */,
				00166E931B9F40A50037E59F /* Model */,
				006116731B9F664400B5C54B /* Controller */,
				006116741B9F665100B5C54B /* Other */,
				00D2C0381B9E855D00DA5A7A /* HotelReservations.xcdatamodeld */,
				00D2C0311B9E855D00DA5A7A /* Supporting Files */,
			);
			path = HotelReservations;
			sourceTree = "<group>";
		};
		00D2C0311B9E855D00DA5A7A /* Supporting Files */ = {
			isa = PBXGroup;
			children = (
				0061166E1B9F5C1600B5C54B /* hotels.json */,
				00D2C0411B9E855D00DA5A7A /* Images.xcassets */,
				00D2C0431B9E855D00DA5A7A /* LaunchScreen.xib */,
				00D2C0321B9E855D00DA5A7A /* Info.plist */,
				00D2C0331B9E855D00DA5A7A /* main.m */,
			);
			name = "Supporting Files";
			sourceTree = "<group>";
		};
		00D2C04D1B9E855D00DA5A7A /* HotelReservationsTests */ = {
			isa = PBXGroup;
			children = (
				00D2C0501B9E855D00DA5A7A /* HotelReservationsTests.m */,
				00D2C04E1B9E855D00DA5A7A /* Supporting Files */,
			);
			path = HotelReservationsTests;
			sourceTree = "<group>";
		};
		00D2C04E1B9E855D00DA5A7A /* Supporting Files */ = {
			isa = PBXGroup;
			children = (
				00D2C04F1B9E855D00DA5A7A /* Info.plist */,
			);
			name = "Supporting Files";
			sourceTree = "<group>";
		};
/* End PBXGroup section */

/* Begin PBXNativeTarget section */
		00D2C02D1B9E855D00DA5A7A /* HotelReservations */ = {
			isa = PBXNativeTarget;
			buildConfigurationList = 00D2C0541B9E855D00DA5A7A /* Build configuration list for PBXNativeTarget "HotelReservations" */;
			buildPhases = (
				00D2C02A1B9E855D00DA5A7A /* Sources */,
				00D2C02B1B9E855D00DA5A7A /* Frameworks */,
				00D2C02C1B9E855D00DA5A7A /* Resources */,
			);
			buildRules = (
			);
			dependencies = (
			);
			name = HotelReservations;
			productName = HotelReservations;
			productReference = 00D2C02E1B9E855D00DA5A7A /* HotelReservations.app */;
			productType = "com.apple.product-type.application";
		};
		00D2C0491B9E855D00DA5A7A /* HotelReservationsTests */ = {
			isa = PBXNativeTarget;
			buildConfigurationList = 00D2C0571B9E855D00DA5A7A /* Build configuration list for PBXNativeTarget "HotelReservationsTests" */;
			buildPhases = (
				00D2C0461B9E855D00DA5A7A /* Sources */,
				00D2C0471B9E855D00DA5A7A /* Frameworks */,
				00D2C0481B9E855D00DA5A7A /* Resources */,
			);
			buildRules = (
			);
			dependencies = (
				00D2C04C1B9E855D00DA5A7A /* PBXTargetDependency */,
			);
			name = HotelReservationsTests;
			productName = HotelReservationsTests;
			productReference = 00D2C04A1B9E855D00DA5A7A /* HotelReservationsTests.xctest */;
			productType = "com.apple.product-type.bundle.unit-test";
		};
/* End PBXNativeTarget section */

/* Begin PBXProject section */
		00D2C0261B9E855D00DA5A7A /* Project object */ = {
			isa = PBXProject;
			attributes = {
				LastUpgradeCheck = 0640;
				ORGANIZATIONNAME = "mike davis";
				TargetAttributes = {
					00D2C02D1B9E855D00DA5A7A = {
						CreatedOnToolsVersion = 6.4;
					};
					00D2C0491B9E855D00DA5A7A = {
						CreatedOnToolsVersion = 6.4;
						TestTargetID = 00D2C02D1B9E855D00DA5A7A;
					};
				};
			};
			buildConfigurationList = 00D2C0291B9E855D00DA5A7A /* Build configuration list for PBXProject "HotelReservations" */;
			compatibilityVersion = "Xcode 3.2";
			developmentRegion = English;
			hasScannedForEncodings = 0;
			knownRegions = (
				en,
				Base,
			);
			mainGroup = 00D2C0251B9E855D00DA5A7A;
			productRefGroup = 00D2C02F1B9E855D00DA5A7A /* Products */;
			projectDirPath = "";
			projectRoot = "";
			targets = (
				00D2C02D1B9E855D00DA5A7A /* HotelReservations */,
				00D2C0491B9E855D00DA5A7A /* HotelReservationsTests */,
			);
		};
/* End PBXProject section */

/* Begin PBXResourcesBuildPhase section */
		00D2C02C1B9E855D00DA5A7A /* Resources */ = {
			isa = PBXResourcesBuildPhase;
			buildActionMask = 2147483647;
			files = (
				0061166F1B9F5C1600B5C54B /* hotels.json in Resources */,
				00D2C0451B9E855D00DA5A7A /* LaunchScreen.xib in Resources */,
				00D2C0421B9E855D00DA5A7A /* Images.xcassets in Resources */,
			);
			runOnlyForDeploymentPostprocessing = 0;
		};
		00D2C0481B9E855D00DA5A7A /* Resources */ = {
			isa = PBXResourcesBuildPhase;
			buildActionMask = 2147483647;
			files = (
			);
			runOnlyForDeploymentPostprocessing = 0;
		};
/* End PBXResourcesBuildPhase section */

/* Begin PBXSourcesBuildPhase section */
		00D2C02A1B9E855D00DA5A7A /* Sources */ = {
			isa = PBXSourcesBuildPhase;
			buildActionMask = 2147483647;
			files = (
				00DF3BF01BA39FD600742079 /* ReservationTableViewCell.m in Sources */,
				006116491B9F441100B5C54B /* HotelJSONParse.m in Sources */,
				0061164C1B9F46A400B5C54B /* RoomJSONParse.m in Sources */,
				0001E1971BA6260F00669A5A /* Reservation.m in Sources */,
				006116551B9F4C8700B5C54B /* JSONFileImport.m in Sources */,
				00D2C0371B9E855D00DA5A7A /* AppDelegate.m in Sources */,
				0001E1941BA6260E00669A5A /* Guest.m in Sources */,
				006116A21BA23D5A00B5C54B /* UIColorExtension.m in Sources */,
				00DF3BED1BA382AF00742079 /* ReservationJSONParse.m in Sources */,
				0061168D1BA10CBD00B5C54B /* HotelTableViewCell.m in Sources */,
				00DF3BEA1BA3829800742079 /* GuestJSONParse.m in Sources */,
				006116831BA09D4900B5C54B /* ReservationListViewController.m in Sources */,
				006116801BA09D3500B5C54B /* GuestListViewController.m in Sources */,
				006116A51BA2490600B5C54B /* ViewUtility.m in Sources */,
				006116721B9F663200B5C54B /* AlertPopover.m in Sources */,
				0061169C1BA20DDC00B5C54B /* RoomTableViewCell.m in Sources */,
				00D2C03A1B9E855D00DA5A7A /* HotelReservations.xcdatamodeld in Sources */,
				006116771BA0945D00B5C54B /* MenuViewController.m in Sources */,
				0001E19A1BA6260F00669A5A /* Hotel.m in Sources */,
				006116901BA1103A00B5C54B /* AttributedString.m in Sources */,
				006116991BA1EEEF00B5C54B /* UIViewExtension.m in Sources */,
				0001E19D1BA6260F00669A5A /* Room.m in Sources */,
				00D2C03D1B9E855D00DA5A7A /* HotelListViewController.m in Sources */,
				0061167D1BA09D2600B5C54B /* RoomListViewController.m in Sources */,
				00D2C0341B9E855D00DA5A7A /* main.m in Sources */,
				00DF3BF31BA39FF500742079 /* GuestTableViewCell.m in Sources */,
				006116861BA0AE5600B5C54B /* CoreDataStack.m in Sources */,
			);
			runOnlyForDeploymentPostprocessing = 0;
		};
		00D2C0461B9E855D00DA5A7A /* Sources */ = {
			isa = PBXSourcesBuildPhase;
			buildActionMask = 2147483647;
			files = (
				00D2C0511B9E855D00DA5A7A /* HotelReservationsTests.m in Sources */,
			);
			runOnlyForDeploymentPostprocessing = 0;
		};
/* End PBXSourcesBuildPhase section */

/* Begin PBXTargetDependency section */
		00D2C04C1B9E855D00DA5A7A /* PBXTargetDependency */ = {
			isa = PBXTargetDependency;
			target = 00D2C02D1B9E855D00DA5A7A /* HotelReservations */;
			targetProxy = 00D2C04B1B9E855D00DA5A7A /* PBXContainerItemProxy */;
		};
/* End PBXTargetDependency section */

/* Begin PBXVariantGroup section */
		00D2C0431B9E855D00DA5A7A /* LaunchScreen.xib */ = {
			isa = PBXVariantGroup;
			children = (
				00D2C0441B9E855D00DA5A7A /* Base */,
			);
			name = LaunchScreen.xib;
			sourceTree = "<group>";
		};
/* End PBXVariantGroup section */

/* Begin XCBuildConfiguration section */
		00D2C0521B9E855D00DA5A7A /* Debug */ = {
			isa = XCBuildConfiguration;
			buildSettings = {
				ALWAYS_SEARCH_USER_PATHS = NO;
				CLANG_CXX_LANGUAGE_STANDARD = "gnu++0x";
				CLANG_CXX_LIBRARY = "libc++";
				CLANG_ENABLE_MODULES = YES;
				CLANG_ENABLE_OBJC_ARC = YES;
				CLANG_WARN_BOOL_CONVERSION = YES;
				CLANG_WARN_CONSTANT_CONVERSION = YES;
				CLANG_WARN_DIRECT_OBJC_ISA_USAGE = YES_ERROR;
				CLANG_WARN_EMPTY_BODY = YES;
				CLANG_WARN_ENUM_CONVERSION = YES;
				CLANG_WARN_INT_CONVERSION = YES;
				CLANG_WARN_OBJC_ROOT_CLASS = YES_ERROR;
				CLANG_WARN_UNREACHABLE_CODE = YES;
				CLANG_WARN__DUPLICATE_METHOD_MATCH = YES;
				"CODE_SIGN_IDENTITY[sdk=iphoneos*]" = "iPhone Developer";
				COPY_PHASE_STRIP = NO;
				DEBUG_INFORMATION_FORMAT = "dwarf-with-dsym";
				ENABLE_STRICT_OBJC_MSGSEND = YES;
				GCC_C_LANGUAGE_STANDARD = gnu99;
				GCC_DYNAMIC_NO_PIC = NO;
				GCC_NO_COMMON_BLOCKS = YES;
				GCC_OPTIMIZATION_LEVEL = 0;
				GCC_PREPROCESSOR_DEFINITIONS = (
					"DEBUG=1",
					"$(inherited)",
				);
				GCC_SYMBOLS_PRIVATE_EXTERN = NO;
				GCC_WARN_64_TO_32_BIT_CONVERSION = YES;
				GCC_WARN_ABOUT_RETURN_TYPE = YES_ERROR;
				GCC_WARN_UNDECLARED_SELECTOR = YES;
				GCC_WARN_UNINITIALIZED_AUTOS = YES_AGGRESSIVE;
				GCC_WARN_UNUSED_FUNCTION = YES;
				GCC_WARN_UNUSED_VARIABLE = YES;
				IPHONEOS_DEPLOYMENT_TARGET = 8.4;
				MTL_ENABLE_DEBUG_INFO = YES;
				ONLY_ACTIVE_ARCH = YES;
				SDKROOT = iphoneos;
				TARGETED_DEVICE_FAMILY = "1,2";
			};
			name = Debug;
		};
		00D2C0531B9E855D00DA5A7A /* Release */ = {
			isa = XCBuildConfiguration;
			buildSettings = {
				ALWAYS_SEARCH_USER_PATHS = NO;
				CLANG_CXX_LANGUAGE_STANDARD = "gnu++0x";
				CLANG_CXX_LIBRARY = "libc++";
				CLANG_ENABLE_MODULES = YES;
				CLANG_ENABLE_OBJC_ARC = YES;
				CLANG_WARN_BOOL_CONVERSION = YES;
				CLANG_WARN_CONSTANT_CONVERSION = YES;
				CLANG_WARN_DIRECT_OBJC_ISA_USAGE = YES_ERROR;
				CLANG_WARN_EMPTY_BODY = YES;
				CLANG_WARN_ENUM_CONVERSION = YES;
				CLANG_WARN_INT_CONVERSION = YES;
				CLANG_WARN_OBJC_ROOT_CLASS = YES_ERROR;
				CLANG_WARN_UNREACHABLE_CODE = YES;
				CLANG_WARN__DUPLICATE_METHOD_MATCH = YES;
				"CODE_SIGN_IDENTITY[sdk=iphoneos*]" = "iPhone Developer";
				COPY_PHASE_STRIP = NO;
				DEBUG_INFORMATION_FORMAT = "dwarf-with-dsym";
				ENABLE_NS_ASSERTIONS = NO;
				ENABLE_STRICT_OBJC_MSGSEND = YES;
				GCC_C_LANGUAGE_STANDARD = gnu99;
				GCC_NO_COMMON_BLOCKS = YES;
				GCC_WARN_64_TO_32_BIT_CONVERSION = YES;
				GCC_WARN_ABOUT_RETURN_TYPE = YES_ERROR;
				GCC_WARN_UNDECLARED_SELECTOR = YES;
				GCC_WARN_UNINITIALIZED_AUTOS = YES_AGGRESSIVE;
				GCC_WARN_UNUSED_FUNCTION = YES;
				GCC_WARN_UNUSED_VARIABLE = YES;
				IPHONEOS_DEPLOYMENT_TARGET = 8.4;
				MTL_ENABLE_DEBUG_INFO = NO;
				SDKROOT = iphoneos;
				TARGETED_DEVICE_FAMILY = "1,2";
				VALIDATE_PRODUCT = YES;
			};
			name = Release;
		};
		00D2C0551B9E855D00DA5A7A /* Debug */ = {
			isa = XCBuildConfiguration;
			buildSettings = {
				ASSETCATALOG_COMPILER_APPICON_NAME = AppIcon;
				INFOPLIST_FILE = HotelReservations/Info.plist;
				LD_RUNPATH_SEARCH_PATHS = "$(inherited) @executable_path/Frameworks";
				PRODUCT_NAME = "$(TARGET_NAME)";
			};
			name = Debug;
		};
		00D2C0561B9E855D00DA5A7A /* Release */ = {
			isa = XCBuildConfiguration;
			buildSettings = {
				ASSETCATALOG_COMPILER_APPICON_NAME = AppIcon;
				INFOPLIST_FILE = HotelReservations/Info.plist;
				LD_RUNPATH_SEARCH_PATHS = "$(inherited) @executable_path/Frameworks";
				PRODUCT_NAME = "$(TARGET_NAME)";
			};
			name = Release;
		};
		00D2C0581B9E855D00DA5A7A /* Debug */ = {
			isa = XCBuildConfiguration;
			buildSettings = {
				BUNDLE_LOADER = "$(TEST_HOST)";
				FRAMEWORK_SEARCH_PATHS = (
					"$(SDKROOT)/Developer/Library/Frameworks",
					"$(inherited)",
				);
				GCC_PREPROCESSOR_DEFINITIONS = (
					"DEBUG=1",
					"$(inherited)",
				);
				INFOPLIST_FILE = HotelReservationsTests/Info.plist;
				LD_RUNPATH_SEARCH_PATHS = "$(inherited) @executable_path/Frameworks @loader_path/Frameworks";
				PRODUCT_NAME = "$(TARGET_NAME)";
				TEST_HOST = "$(BUILT_PRODUCTS_DIR)/HotelReservations.app/HotelReservations";
			};
			name = Debug;
		};
		00D2C0591B9E855D00DA5A7A /* Release */ = {
			isa = XCBuildConfiguration;
			buildSettings = {
				BUNDLE_LOADER = "$(TEST_HOST)";
				FRAMEWORK_SEARCH_PATHS = (
					"$(SDKROOT)/Developer/Library/Frameworks",
					"$(inherited)",
				);
				INFOPLIST_FILE = HotelReservationsTests/Info.plist;
				LD_RUNPATH_SEARCH_PATHS = "$(inherited) @executable_path/Frameworks @loader_path/Frameworks";
				PRODUCT_NAME = "$(TARGET_NAME)";
				TEST_HOST = "$(BUILT_PRODUCTS_DIR)/HotelReservations.app/HotelReservations";
			};
			name = Release;
		};
/* End XCBuildConfiguration section */

/* Begin XCConfigurationList section */
		00D2C0291B9E855D00DA5A7A /* Build configuration list for PBXProject "HotelReservations" */ = {
			isa = XCConfigurationList;
			buildConfigurations = (
				00D2C0521B9E855D00DA5A7A /* Debug */,
				00D2C0531B9E855D00DA5A7A /* Release */,
			);
			defaultConfigurationIsVisible = 0;
			defaultConfigurationName = Release;
		};
		00D2C0541B9E855D00DA5A7A /* Build configuration list for PBXNativeTarget "HotelReservations" */ = {
			isa = XCConfigurationList;
			buildConfigurations = (
				00D2C0551B9E855D00DA5A7A /* Debug */,
				00D2C0561B9E855D00DA5A7A /* Release */,
			);
			defaultConfigurationIsVisible = 0;
			defaultConfigurationName = Release;
		};
		00D2C0571B9E855D00DA5A7A /* Build configuration list for PBXNativeTarget "HotelReservationsTests" */ = {
			isa = XCConfigurationList;
			buildConfigurations = (
				00D2C0581B9E855D00DA5A7A /* Debug */,
				00D2C0591B9E855D00DA5A7A /* Release */,
			);
			defaultConfigurationIsVisible = 0;
			defaultConfigurationName = Release;
		};
/* End XCConfigurationList section */

/* Begin XCVersionGroup section */
		00D2C0381B9E855D00DA5A7A /* HotelReservations.xcdatamodeld */ = {
			isa = XCVersionGroup;
			children = (
				00D2C0391B9E855D00DA5A7A /* HotelReservations.xcdatamodel */,
			);
			currentVersion = 00D2C0391B9E855D00DA5A7A /* HotelReservations.xcdatamodel */;
			path = HotelReservations.xcdatamodeld;
			sourceTree = "<group>";
			versionGroupType = wrapper.xcdatamodel;
		};
/* End XCVersionGroup section */
	};
	rootObject = 00D2C0261B9E855D00DA5A7A /* Project object */;
}
